// !$*UTF8*$!
{
	archiveVersion = 1;
	classes = {
	};
	objectVersion = 46;
	objects = {

/* Begin PBXBuildFile section */
		DD2565D0146A4B0F007CB467 /* UIKit.framework in Frameworks */ = {isa = PBXBuildFile; fileRef = DD2565CF146A4B0F007CB467 /* UIKit.framework */; };
		DD2565D2146A4B0F007CB467 /* Foundation.framework in Frameworks */ = {isa = PBXBuildFile; fileRef = DD2565D1146A4B0F007CB467 /* Foundation.framework */; };
		DD2565D4146A4B0F007CB467 /* CoreGraphics.framework in Frameworks */ = {isa = PBXBuildFile; fileRef = DD2565D3146A4B0F007CB467 /* CoreGraphics.framework */; };
		DD2565DA146A4B0F007CB467 /* InfoPlist.strings in Resources */ = {isa = PBXBuildFile; fileRef = DD2565D8146A4B0F007CB467 /* InfoPlist.strings */; };
		DD2565DC146A4B0F007CB467 /* main.m in Sources */ = {isa = PBXBuildFile; fileRef = DD2565DB146A4B0F007CB467 /* main.m */; };
		DD2565E0146A4B0F007CB467 /* AppDelegate.m in Sources */ = {isa = PBXBuildFile; fileRef = DD2565DF146A4B0F007CB467 /* AppDelegate.m */; };
		DD2565E8146A4B0F007CB467 /* SenTestingKit.framework in Frameworks */ = {isa = PBXBuildFile; fileRef = DD2565E7146A4B0F007CB467 /* SenTestingKit.framework */; };
		DD2565E9146A4B0F007CB467 /* UIKit.framework in Frameworks */ = {isa = PBXBuildFile; fileRef = DD2565CF146A4B0F007CB467 /* UIKit.framework */; };
		DD2565EA146A4B0F007CB467 /* Foundation.framework in Frameworks */ = {isa = PBXBuildFile; fileRef = DD2565D1146A4B0F007CB467 /* Foundation.framework */; };
		DD2565F2146A4B0F007CB467 /* InfoPlist.strings in Resources */ = {isa = PBXBuildFile; fileRef = DD2565F0146A4B0F007CB467 /* InfoPlist.strings */; };
		DD2565F5146A4B0F007CB467 /* TestTests.m in Sources */ = {isa = PBXBuildFile; fileRef = DD2565F4146A4B0F007CB467 /* TestTests.m */; };
/* End PBXBuildFile section */

/* Begin PBXContainerItemProxy section */
		DD2565EB146A4B0F007CB467 /* PBXContainerItemProxy */ = {
			isa = PBXContainerItemProxy;
			containerPortal = DD2565C2146A4B0F007CB467 /* Project object */;
			proxyType = 1;
			remoteGlobalIDString = DD2565CA146A4B0F007CB467;
			remoteInfo = Test;
		};
/* End PBXContainerItemProxy section */

/* Begin PBXFileReference section */
		DD2565CB146A4B0F007CB467 /* Test.app */ = {isa = PBXFileReference; explicitFileType = wrapper.application; includeInIndex = 0; path = Test.app; sourceTree = BUILT_PRODUCTS_DIR; };
		DD2565CF146A4B0F007CB467 /* UIKit.framework */ = {isa = PBXFileReference; lastKnownFileType = wrapper.framework; name = UIKit.framework; path = System/Library/Frameworks/UIKit.framework; sourceTree = SDKROOT; };
		DD2565D1146A4B0F007CB467 /* Foundation.framework */ = {isa = PBXFileReference; lastKnownFileType = wrapper.framework; name = Foundation.framework; path = System/Library/Frameworks/Foundation.framework; sourceTree = SDKROOT; };
		DD2565D3146A4B0F007CB467 /* CoreGraphics.framework */ = {isa = PBXFileReference; lastKnownFileType = wrapper.framework; name = CoreGraphics.framework; path = System/Library/Frameworks/CoreGraphics.framework; sourceTree = SDKROOT; };
		DD2565D7146A4B0F007CB467 /* Test-Info.plist */ = {isa = PBXFileReference; path = "Test-Info.plist"; sourceTree = "<group>"; };
		DD2565D9146A4B0F007CB467 /* en */ = {isa = PBXFileReference; lastKnownFileType = text.plist.strings; name = en; path = en.lproj/InfoPlist.strings; sourceTree = "<group>"; };
		DD2565DB146A4B0F007CB467 /* main.m */ = {isa = PBXFileReference; lastKnownFileType = sourcecode.c.objc; path = main.m; sourceTree = "<group>"; };
		DD2565DD146A4B0F007CB467 /* Test-Prefix.pch */ = {isa = PBXFileReference; path = "Test-Prefix.pch"; sourceTree = "<group>"; };
		DD2565DE146A4B0F007CB467 /* AppDelegate.h */ = {isa = PBXFileReference; path = AppDelegate.h; sourceTree = "<group>"; };
		DD2565DF146A4B0F007CB467 /* AppDelegate.m */ = {isa = PBXFileReference; lastKnownFileType = sourcecode.c.objc; path = AppDelegate.m; sourceTree = "<group>"; };
		DD2565E6146A4B0F007CB467 /* TestTests.octest */ = {isa = PBXFileReference; explicitFileType = wrapper.cfbundle; includeInIndex = 0; path = TestTests.octest; sourceTree = BUILT_PRODUCTS_DIR; };
		DD2565E7146A4B0F007CB467 /* SenTestingKit.framework */ = {isa = PBXFileReference; lastKnownFileType = wrapper.framework; name = SenTestingKit.framework; path = Library/Frameworks/SenTestingKit.framework; sourceTree = DEVELOPER_DIR; };
		DD2565EF146A4B0F007CB467 /* TestTests-Info.plist */ = {isa = PBXFileReference; path = "TestTests-Info.plist"; sourceTree = "<group>"; };
		DD2565F1146A4B0F007CB467 /* en */ = {isa = PBXFileReference; lastKnownFileType = text.plist.strings; name = en; path = en.lproj/InfoPlist.strings; sourceTree = "<group>"; };
		DD2565F3146A4B0F007CB467 /* TestTests.h */ = {isa = PBXFileReference; path = TestTests.h; sourceTree = "<group>"; };
		DD2565F4146A4B0F007CB467 /* TestTests.m */ = {isa = PBXFileReference; lastKnownFileType = sourcecode.c.objc; path = TestTests.m; sourceTree = "<group>"; };
/* End PBXFileReference section */

/* Begin PBXFrameworksBuildPhase section */
		DD2565C8146A4B0F007CB467 /* Frameworks */ = {
			isa = PBXFrameworksBuildPhase;
			buildActionMask = 2147483647;
			files = (
				DD2565D0146A4B0F007CB467 /* UIKit.framework in Frameworks */,
				DD2565D2146A4B0F007CB467 /* Foundation.framework in Frameworks */,
				DD2565D4146A4B0F007CB467 /* CoreGraphics.framework in Frameworks */,
			);
			runOnlyForDeploymentPostprocessing = 0;
		};
		DD2565E2146A4B0F007CB467 /* Frameworks */ = {
			isa = PBXFrameworksBuildPhase;
			buildActionMask = 2147483647;
			files = (
				DD2565E8146A4B0F007CB467 /* SenTestingKit.framework in Frameworks */,
				DD2565E9146A4B0F007CB467 /* UIKit.framework in Frameworks */,
				DD2565EA146A4B0F007CB467 /* Foundation.framework in Frameworks */,
			);
			runOnlyForDeploymentPostprocessing = 0;
		};
/* End PBXFrameworksBuildPhase section */

/* Begin PBXGroup section */
		DD2565C0146A4B0F007CB467 = {
			isa = PBXGroup;
			children = (
				DD2565D5146A4B0F007CB467 /* Test */,
				DD2565ED146A4B0F007CB467 /* TestTests */,
				DD2565CE146A4B0F007CB467 /* Frameworks */,
				DD2565CC146A4B0F007CB467 /* Products */,
			);
			sourceTree = "<group>";
		};
		DD2565CC146A4B0F007CB467 /* Products */ = {
			isa = PBXGroup;
			children = (
				DD2565CB146A4B0F007CB467 /* Test.app */,
				DD2565E6146A4B0F007CB467 /* TestTests.octest */,
			);
			name = Products;
			sourceTree = "<group>";
		};
		DD2565CE146A4B0F007CB467 /* Frameworks */ = {
			isa = PBXGroup;
			children = (
				DD2565CF146A4B0F007CB467 /* UIKit.framework */,
				DD2565D1146A4B0F007CB467 /* Foundation.framework */,
				DD2565D3146A4B0F007CB467 /* CoreGraphics.framework */,
				DD2565E7146A4B0F007CB467 /* SenTestingKit.framework */,
			);
			name = Frameworks;
			sourceTree = "<group>";
		};
		DD2565D5146A4B0F007CB467 /* Test */ = {
			isa = PBXGroup;
			children = (
				DD2565DE146A4B0F007CB467 /* AppDelegate.h */,
				DD2565DF146A4B0F007CB467 /* AppDelegate.m */,
				DD2565D6146A4B0F007CB467 /* Supporting Files */,
			);
			path = Test;
			sourceTree = "<group>";
		};
		DD2565D6146A4B0F007CB467 /* Supporting Files */ = {
			isa = PBXGroup;
			children = (
				DD2565D7146A4B0F007CB467 /* Test-Info.plist */,
				DD2565D8146A4B0F007CB467 /* InfoPlist.strings */,
				DD2565DB146A4B0F007CB467 /* main.m */,
				DD2565DD146A4B0F007CB467 /* Test-Prefix.pch */,
			);
			name = "Supporting Files";
			sourceTree = "<group>";
		};
		DD2565ED146A4B0F007CB467 /* TestTests */ = {
			isa = PBXGroup;
			children = (
				DD2565F3146A4B0F007CB467 /* TestTests.h */,
				DD2565F4146A4B0F007CB467 /* TestTests.m */,
				DD2565EE146A4B0F007CB467 /* Supporting Files */,
			);
			path = TestTests;
			sourceTree = "<group>";
		};
		DD2565EE146A4B0F007CB467 /* Supporting Files */ = {
			isa = PBXGroup;
			children = (
				DD2565EF146A4B0F007CB467 /* TestTests-Info.plist */,
				DD2565F0146A4B0F007CB467 /* InfoPlist.strings */,
			);
			name = "Supporting Files";
			sourceTree = "<group>";
		};
/* End PBXGroup section */

/* Begin PBXNativeTarget section */
		DD2565CA146A4B0F007CB467 /* Test */ = {
			isa = PBXNativeTarget;
			buildConfigurationList = DD2565F8146A4B0F007CB467 /* Build configuration list for PBXNativeTarget "Test" */;
			buildPhases = (
				DD2565C7146A4B0F007CB467 /* Sources */,
				DD2565C8146A4B0F007CB467 /* Frameworks */,
				DD2565C9146A4B0F007CB467 /* Resources */,
			);
			buildRules = (
			);
			dependencies = (
			);
			name = Test;
			productName = Test;
			productReference = DD2565CB146A4B0F007CB467 /* Test.app */;
			productType = "com.apple.product-type.application";
		};
		DD2565E5146A4B0F007CB467 /* TestTests */ = {
			isa = PBXNativeTarget;
			buildConfigurationList = DD2565FB146A4B0F007CB467 /* Build configuration list for PBXNativeTarget "TestTests" */;
			buildPhases = (
				DD2565E1146A4B0F007CB467 /* Sources */,
				DD2565E2146A4B0F007CB467 /* Frameworks */,
				DD2565E3146A4B0F007CB467 /* Resources */,
				DD2565E4146A4B0F007CB467 /* ShellScript */,
			);
			buildRules = (
			);
			dependencies = (
				DD2565EC146A4B0F007CB467 /* PBXTargetDependency */,
			);
			name = TestTests;
			productName = TestTests;
			productReference = DD2565E6146A4B0F007CB467 /* TestTests.octest */;
			productType = "com.apple.product-type.bundle";
		};
/* End PBXNativeTarget section */

/* Begin PBXProject section */
		DD2565C2146A4B0F007CB467 /* Project object */ = {
			isa = PBXProject;
			attributes = {
				LastUpgradeCheck = 0420;
			};
			buildConfigurationList = DD2565C5146A4B0F007CB467 /* Build configuration list for PBXProject "Test" */;
			compatibilityVersion = "Xcode 3.2";
			developmentRegion = English;
			hasScannedForEncodings = 0;
			knownRegions = (
				en,
			);
			mainGroup = DD2565C0146A4B0F007CB467;
			productRefGroup = DD2565CC146A4B0F007CB467 /* Products */;
			projectDirPath = "";
			projectRoot = "";
			targets = (
				DD2565CA146A4B0F007CB467 /* Test */,
				DD2565E5146A4B0F007CB467 /* TestTests */,
			);
		};
/* End PBXProject section */

/* Begin PBXResourcesBuildPhase section */
		DD2565C9146A4B0F007CB467 /* Resources */ = {
			isa = PBXResourcesBuildPhase;
			buildActionMask = 2147483647;
			files = (
				DD2565DA146A4B0F007CB467 /* InfoPlist.strings in Resources */,
			);
			runOnlyForDeploymentPostprocessing = 0;
		};
		DD2565E3146A4B0F007CB467 /* Resources */ = {
			isa = PBXResourcesBuildPhase;
			buildActionMask = 2147483647;
			files = (
				DD2565F2146A4B0F007CB467 /* InfoPlist.strings in Resources */,
			);
			runOnlyForDeploymentPostprocessing = 0;
		};
/* End PBXResourcesBuildPhase section */

/* Begin PBXShellScriptBuildPhase section */
		DD2565E4146A4B0F007CB467 /* ShellScript */ = {
			isa = PBXShellScriptBuildPhase;
			buildActionMask = 2147483647;
			files = (
			);
			inputPaths = (
			);
			outputPaths = (
			);
			runOnlyForDeploymentPostprocessing = 0;
			shellPath = /bin/sh;
			shellScript = "# Run the unit tests in this test bundle.\n\"${SYSTEM_DEVELOPER_DIR}/Tools/RunUnitTests\"\n";
		};
/* End PBXShellScriptBuildPhase section */

/* Begin PBXSourcesBuildPhase section */
		DD2565C7146A4B0F007CB467 /* Sources */ = {
			isa = PBXSourcesBuildPhase;
			buildActionMask = 2147483647;
			files = (
				DD2565DC146A4B0F007CB467 /* main.m in Sources */,
				DD2565E0146A4B0F007CB467 /* AppDelegate.m in Sources */,
			);
			runOnlyForDeploymentPostprocessing = 0;
		};
		DD2565E1146A4B0F007CB467 /* Sources */ = {
			isa = PBXSourcesBuildPhase;
			buildActionMask = 2147483647;
			files = (
				DD2565F5146A4B0F007CB467 /* TestTests.m in Sources */,
			);
			runOnlyForDeploymentPostprocessing = 0;
		};
/* End PBXSourcesBuildPhase section */

/* Begin PBXTargetDependency section */
		DD2565EC146A4B0F007CB467 /* PBXTargetDependency */ = {
			isa = PBXTargetDependency;
			target = DD2565CA146A4B0F007CB467 /* Test */;
			targetProxy = DD2565EB146A4B0F007CB467 /* PBXContainerItemProxy */;
		};
/* End PBXTargetDependency section */

/* Begin PBXVariantGroup section */
		DD2565D8146A4B0F007CB467 /* InfoPlist.strings */ = {
			isa = PBXVariantGroup;
			children = (
				DD2565D9146A4B0F007CB467 /* en */,
			);
			name = InfoPlist.strings;
			sourceTree = "<group>";
		};
		DD2565F0146A4B0F007CB467 /* InfoPlist.strings */ = {
			isa = PBXVariantGroup;
			children = (
				DD2565F1146A4B0F007CB467 /* en */,
			);
			name = InfoPlist.strings;
			sourceTree = "<group>";
		};
/* End PBXVariantGroup section */

/* Begin XCBuildConfiguration section */
		DD2565F6146A4B0F007CB467 /* Debug */ = {
			isa = XCBuildConfiguration;
			buildSettings = {
				ALWAYS_SEARCH_USER_PATHS = NO;
				ARCHS = "$(ARCHS_STANDARD_32_BIT)";
				CLANG_ENABLE_OBJC_ARC = YES;
				"CODE_SIGN_IDENTITY[sdk=iphoneos*]" = "iPhone Developer";
				COPY_PHASE_STRIP = NO;
				GCC_C_LANGUAGE_STANDARD = gnu99;
				GCC_DYNAMIC_NO_PIC = NO;
				GCC_OPTIMIZATION_LEVEL = 0;
				GCC_PREPROCESSOR_DEFINITIONS = (
					"DEBUG=1",
					"$(inherited)",
				);
				GCC_SYMBOLS_PRIVATE_EXTERN = NO;
				GCC_VERSION = com.apple.compilers.llvm.clang.1_0;
				GCC_WARN_ABOUT_MISSING_PROTOTYPES = YES;
				GCC_WARN_ABOUT_RETURN_TYPE = YES;
				GCC_WARN_UNUSED_VARIABLE = YES;
				IPHONEOS_DEPLOYMENT_TARGET = 5.0;
				SDKROOT = iphoneos;
				TARGETED_DEVICE_FAMILY = 2;
			};
			name = Debug;
		};
		DD2565F7146A4B0F007CB467 /* Release */ = {
			isa = XCBuildConfiguration;
			buildSettings = {
				ALWAYS_SEARCH_USER_PATHS = NO;
				ARCHS = "$(ARCHS_STANDARD_32_BIT)";
				CLANG_ENABLE_OBJC_ARC = YES;
				"CODE_SIGN_IDENTITY[sdk=iphoneos*]" = "iPhone Developer";
				COPY_PHASE_STRIP = YES;
				GCC_C_LANGUAGE_STANDARD = gnu99;
				GCC_VERSION = com.apple.compilers.llvm.clang.1_0;
				GCC_WARN_ABOUT_MISSING_PROTOTYPES = YES;
				GCC_WARN_ABOUT_RETURN_TYPE = YES;
				GCC_WARN_UNUSED_VARIABLE = YES;
				IPHONEOS_DEPLOYMENT_TARGET = 5.0;
				OTHER_CFLAGS = "-DNS_BLOCK_ASSERTIONS=1";
				SDKROOT = iphoneos;
				TARGETED_DEVICE_FAMILY = 2;
				VALIDATE_PRODUCT = YES;
			};
			name = Release;
		};
		DD2565F9146A4B0F007CB467 /* Debug */ = {
			isa = XCBuildConfiguration;
			buildSettings = {
				GCC_PRECOMPILE_PREFIX_HEADER = YES;
				GCC_PREFIX_HEADER = "Test/Test-Prefix.pch";
				INFOPLIST_FILE = "Test/Test-Info.plist";
				PRODUCT_NAME = "$(TARGET_NAME)";
				WRAPPER_EXTENSION = app;
			};
			name = Debug;
		};
		DD2565FA146A4B0F007CB467 /* Release */ = {
			isa = XCBuildConfiguration;
			buildSettings = {
				GCC_PRECOMPILE_PREFIX_HEADER = YES;
				GCC_PREFIX_HEADER = "Test/Test-Prefix.pch";
				INFOPLIST_FILE = "Test/Test-Info.plist";
				PRODUCT_NAME = "$(TARGET_NAME)";
				WRAPPER_EXTENSION = app;
			};
			name = Release;
		};
		DD2565FC146A4B0F007CB467 /* Debug */ = {
			isa = XCBuildConfiguration;
			buildSettings = {
				BUNDLE_LOADER = "$(BUILT_PRODUCTS_DIR)/Test.app/Test";
				FRAMEWORK_SEARCH_PATHS = (
					"$(SDKROOT)/Developer/Library/Frameworks",
					"$(DEVELOPER_LIBRARY_DIR)/Frameworks",
				);
				GCC_PRECOMPILE_PREFIX_HEADER = YES;
				GCC_PREFIX_HEADER = "Test/Test-Prefix.pch";
				INFOPLIST_FILE = "TestTests/TestTests-Info.plist";
				PRODUCT_NAME = "$(TARGET_NAME)";
				TEST_HOST = "$(BUNDLE_LOADER)";
				WRAPPER_EXTENSION = octest;
			};
			name = Debug;
		};
		DD2565FD146A4B0F007CB467 /* Release */ = {
			isa = XCBuildConfiguration;
			buildSettings = {
				BUNDLE_LOADER = "$(BUILT_PRODUCTS_DIR)/Test.app/Test";
				FRAMEWORK_SEARCH_PATHS = (
					"$(SDKROOT)/Developer/Library/Frameworks",
					"$(DEVELOPER_LIBRARY_DIR)/Frameworks",
				);
				GCC_PRECOMPILE_PREFIX_HEADER = YES;
				GCC_PREFIX_HEADER = "Test/Test-Prefix.pch";
				INFOPLIST_FILE = "TestTests/TestTests-Info.plist";
				PRODUCT_NAME = "$(TARGET_NAME)";
				TEST_HOST = "$(BUNDLE_LOADER)";
				WRAPPER_EXTENSION = octest;
			};
			name = Release;
		};
/* End XCBuildConfiguration section */

/* Begin XCConfigurationList section */
		DD2565C5146A4B0F007CB467 /* Build configuration list for PBXProject "Test" */ = {
			isa = XCConfigurationList;
			buildConfigurations = (
				DD2565F6146A4B0F007CB467 /* Debug */,
				DD2565F7146A4B0F007CB467 /* Release */,
			);
			defaultConfigurationIsVisible = 0;
			defaultConfigurationName = Release;
		};
		DD2565F8146A4B0F007CB467 /* Build configuration list for PBXNativeTarget "Test" */ = {
			isa = XCConfigurationList;
			buildConfigurations = (
				DD2565F9146A4B0F007CB467 /* Debug */,
				DD2565FA146A4B0F007CB467 /* Release */,
			);
			defaultConfigurationIsVisible = 0;
		};
		DD2565FB146A4B0F007CB467 /* Build configuration list for PBXNativeTarget "TestTests" */ = {
			isa = XCConfigurationList;
			buildConfigurations = (
				DD2565FC146A4B0F007CB467 /* Debug */,
				DD2565FD146A4B0F007CB467 /* Release */,
			);
			defaultConfigurationIsVisible = 0;
		};
/* End XCConfigurationList section */
	};
	rootObject = DD2565C2146A4B0F007CB467 /* Project object */;
}
